
Microsoft Visual Studio Solution File, Format Version 12.00
# Visual Studio 15
VisualStudioVersion = 15.0.27004.2002
MinimumVisualStudioVersion = 10.0.40219.1
Project("{FAE04EC0-301F-11D3-BF4B-00C04F79EFBC}") = "FileDispatcher", "FileDispatcher\FileDispatcher.csproj", "{61B257BB-6508-459E-8DE9-F37686E76D7D}"
EndProject
Project("{2150E333-8FDC-42A3-9474-1A3956D46DE8}") = "Solution Items", "Solution Items", "{B976BB72-E6E1-4BA8-8CBB-AC61FE7F4B42}"
	ProjectSection(SolutionItems) = preProject
		readme.md = readme.md
	EndProjectSection
EndProject
Project("{2150E333-8FDC-42A3-9474-1A3956D46DE8}") = "Schemas", "Schemas", "{84D6AAD3-C722-4E06-985D-77EF820DAF04}"
	ProjectSection(SolutionItems) = preProject
		Schemas\NLog.xsd = Schemas\NLog.xsd
	EndProjectSection
EndProject
Project("{FAE04EC0-301F-11D3-BF4B-00C04F79EFBC}") = "FileDispatcherTests", "FileDispatcherTests\FileDispatcherTests.csproj", "{383700D6-29D4-49B8-A2C9-703ED56B2103}"
EndProject
Global
	GlobalSection(SolutionConfigurationPlatforms) = preSolution
		Debug|Any CPU = Debug|Any CPU
		Release|Any CPU = Release|Any CPU
	EndGlobalSection
	GlobalSection(ProjectConfigurationPlatforms) = postSolution
		{61B257BB-6508-459E-8DE9-F37686E76D7D}.Debug|Any CPU.ActiveCfg = Debug|Any CPU
		{61B257BB-6508-459E-8DE9-F37686E76D7D}.Debug|Any CPU.Build.0 = Debug|Any CPU
		{61B257BB-6508-459E-8DE9-F37686E76D7D}.Release|Any CPU.ActiveCfg = Release|Any CPU
		{61B257BB-6508-459E-8DE9-F37686E76D7D}.Release|Any CPU.Build.0 = Release|Any CPU
		{383700D6-29D4-49B8-A2C9-703ED56B2103}.Debug|Any CPU.ActiveCfg = Debug|Any CPU
		{383700D6-29D4-49B8-A2C9-703ED56B2103}.Debug|Any CPU.Build.0 = Debug|Any CPU
		{383700D6-29D4-49B8-A2C9-703ED56B2103}.Release|Any CPU.ActiveCfg = Release|Any CPU
		{383700D6-29D4-49B8-A2C9-703ED56B2103}.Release|Any CPU.Build.0 = Release|Any CPU
	EndGlobalSection
	GlobalSection(SolutionProperties) = preSolution
		HideSolutionNode = FALSE
	EndGlobalSection
	GlobalSection(NestedProjects) = preSolution
		{84D6AAD3-C722-4E06-985D-77EF820DAF04} = {B976BB72-E6E1-4BA8-8CBB-AC61FE7F4B42}
	EndGlobalSection
	GlobalSection(ExtensibilityGlobals) = postSolution
		SolutionGuid = {33933A60-055B-4CFB-B9DC-DF71DC01A3F1}
	EndGlobalSection
EndGlobal
